
Microsoft Visual Studio Solution File, Format Version 12.00
# Visual Studio Version 17
VisualStudioVersion = 17.5.33530.505
MinimumVisualStudioVersion = 10.0.40219.1
Project("{FAE04EC0-301F-11D3-BF4B-00C04F79EFBC}") = "Book", "Book\Book.csproj", "{BE2543FE-072E-432D-B9E7-9878029D2AF3}"
EndProject
Global
	GlobalSection(SolutionConfigurationPlatforms) = preSolution
		Debug|Any CPU = Debug|Any CPU
		Release|Any CPU = Release|Any CPU
	EndGlobalSection
	GlobalSection(ProjectConfigurationPlatforms) = postSolution
		{BE2543FE-072E-432D-B9E7-9878029D2AF3}.Debug|Any CPU.ActiveCfg = Debug|Any CPU
		{BE2543FE-072E-432D-B9E7-9878029D2AF3}.Debug|Any CPU.Build.0 = Debug|Any CPU
		{BE2543FE-072E-432D-B9E7-9878029D2AF3}.Release|Any CPU.ActiveCfg = Release|Any CPU
		{BE2543FE-072E-432D-B9E7-9878029D2AF3}.Release|Any CPU.Build.0 = Release|Any CPU
	EndGlobalSection
	GlobalSection(SolutionProperties) = preSolution
		HideSolutionNode = FALSE
	EndGlobalSection
	GlobalSection(ExtensibilityGlobals) = postSolution
		SolutionGuid = {D883961C-558E-45A5-8D37-7DCBD4F6815B}
	EndGlobalSection
EndGlobal
